
Microsoft Visual Studio Solution File, Format Version 12.00
# Visual Studio Version 16
VisualStudioVersion = 16.0.31129.286
MinimumVisualStudioVersion = 10.0.40219.1
Project("{FAE04EC0-301F-11D3-BF4B-00C04F79EFBC}") = "Nasledovanie", "Nasledovanie\Nasledovanie.csproj", "{ED760B8F-6A84-49C0-9580-996E387C6EB0}"
EndProject
Global
	GlobalSection(SolutionConfigurationPlatforms) = preSolution
		Debug|Any CPU = Debug|Any CPU
		Release|Any CPU = Release|Any CPU
	EndGlobalSection
	GlobalSection(ProjectConfigurationPlatforms) = postSolution
		{ED760B8F-6A84-49C0-9580-996E387C6EB0}.Debug|Any CPU.ActiveCfg = Debug|Any CPU
		{ED760B8F-6A84-49C0-9580-996E387C6EB0}.Debug|Any CPU.Build.0 = Debug|Any CPU
		{ED760B8F-6A84-49C0-9580-996E387C6EB0}.Release|Any CPU.ActiveCfg = Release|Any CPU
		{ED760B8F-6A84-49C0-9580-996E387C6EB0}.Release|Any CPU.Build.0 = Release|Any CPU
	EndGlobalSection
	GlobalSection(SolutionProperties) = preSolution
		HideSolutionNode = FALSE
	EndGlobalSection
	GlobalSection(ExtensibilityGlobals) = postSolution
		SolutionGuid = {3C4036DC-94AE-47D6-AA35-FE34A2139E6C}
	EndGlobalSection
EndGlobal
